// !$*UTF8*$!
{
	archiveVersion = 1;
	classes = {
	};
	objectVersion = 56;
	objects = {

/* Begin PBXBuildFile section */
		3780A96B2AB9B74600DF196F /* CollisionCategory.swift in Sources */ = {isa = PBXBuildFile; fileRef = 3780A96A2AB9B74600DF196F /* CollisionCategory.swift */; };
		3780A9702AB9D89100DF196F /* ShooterView.swift in Sources */ = {isa = PBXBuildFile; fileRef = 3780A96F2AB9D89100DF196F /* ShooterView.swift */; };
		3780A9772ABA023700DF196F /* Constants.swift in Sources */ = {isa = PBXBuildFile; fileRef = 3780A9762ABA023700DF196F /* Constants.swift */; };
		3780A97B2ABA071700DF196F /* AudioPlayer.swift in Sources */ = {isa = PBXBuildFile; fileRef = 3780A97A2ABA071700DF196F /* AudioPlayer.swift */; };
		3780A97E2ABA0A5D00DF196F /* StartViewController.swift in Sources */ = {isa = PBXBuildFile; fileRef = 3780A97D2ABA0A5D00DF196F /* StartViewController.swift */; };
		3780A9802ABA2ECF00DF196F /* StartView.swift in Sources */ = {isa = PBXBuildFile; fileRef = 3780A97F2ABA2ECF00DF196F /* StartView.swift */; };
		3780A9822ABA2F1000DF196F /* StatisticsViewController.swift in Sources */ = {isa = PBXBuildFile; fileRef = 3780A9812ABA2F1000DF196F /* StatisticsViewController.swift */; };
		3780A9852ABA2FBF00DF196F /* StatisticsCoreData.xcdatamodeld in Sources */ = {isa = PBXBuildFile; fileRef = 3780A9832ABA2FBF00DF196F /* StatisticsCoreData.xcdatamodeld */; };
		3780A9872ABA304C00DF196F /* CoreDataStack.swift in Sources */ = {isa = PBXBuildFile; fileRef = 3780A9862ABA304C00DF196F /* CoreDataStack.swift */; };
		3780A98B2ABA3CCD00DF196F /* StatisticsView.swift in Sources */ = {isa = PBXBuildFile; fileRef = 3780A98A2ABA3CCD00DF196F /* StatisticsView.swift */; };
		3780A98D2ABA3D1900DF196F /* StatTableViewCell.swift in Sources */ = {isa = PBXBuildFile; fileRef = 3780A98C2ABA3D1900DF196F /* StatTableViewCell.swift */; };
		3780A98F2ABA4D6400DF196F /* CurrentDate.swift in Sources */ = {isa = PBXBuildFile; fileRef = 3780A98E2ABA4D6400DF196F /* CurrentDate.swift */; };
		3780A9912ABA4DEE00DF196F /* UITableViewExtension.swift in Sources */ = {isa = PBXBuildFile; fileRef = 3780A9902ABA4DEE00DF196F /* UITableViewExtension.swift */; };
		37F764A72AB2093F00620C5C /* AppDelegate.swift in Sources */ = {isa = PBXBuildFile; fileRef = 37F764A62AB2093F00620C5C /* AppDelegate.swift */; };
		37F764AB2AB2093F00620C5C /* ShooterViewController.swift in Sources */ = {isa = PBXBuildFile; fileRef = 37F764AA2AB2093F00620C5C /* ShooterViewController.swift */; };
		37F764B02AB2094200620C5C /* Assets.xcassets in Resources */ = {isa = PBXBuildFile; fileRef = 37F764AF2AB2094200620C5C /* Assets.xcassets */; };
		37F764BA2AB2304800620C5C /* Sphere.swift in Sources */ = {isa = PBXBuildFile; fileRef = 37F764B92AB2304800620C5C /* Sphere.swift */; };
		37F764BC2AB3091C00620C5C /* art.scnassets in Resources */ = {isa = PBXBuildFile; fileRef = 37F764BB2AB3091B00620C5C /* art.scnassets */; };
		37F764BE2AB38DA600620C5C /* Bullet.swift in Sources */ = {isa = PBXBuildFile; fileRef = 37F764BD2AB38DA600620C5C /* Bullet.swift */; };
		37F764C02AB38DDA00620C5C /* ShooterSettings.swift in Sources */ = {isa = PBXBuildFile; fileRef = 37F764BF2AB38DDA00620C5C /* ShooterSettings.swift */; };
/* End PBXBuildFile section */

/* Begin PBXFileReference section */
		3780A96A2AB9B74600DF196F /* CollisionCategory.swift */ = {isa = PBXFileReference; lastKnownFileType = sourcecode.swift; path = CollisionCategory.swift; sourceTree = "<group>"; };
		3780A96F2AB9D89100DF196F /* ShooterView.swift */ = {isa = PBXFileReference; lastKnownFileType = sourcecode.swift; path = ShooterView.swift; sourceTree = "<group>"; };
		3780A9762ABA023700DF196F /* Constants.swift */ = {isa = PBXFileReference; lastKnownFileType = sourcecode.swift; path = Constants.swift; sourceTree = "<group>"; };
		3780A97A2ABA071700DF196F /* AudioPlayer.swift */ = {isa = PBXFileReference; lastKnownFileType = sourcecode.swift; path = AudioPlayer.swift; sourceTree = "<group>"; };
		3780A97D2ABA0A5D00DF196F /* StartViewController.swift */ = {isa = PBXFileReference; lastKnownFileType = sourcecode.swift; path = StartViewController.swift; sourceTree = "<group>"; };
		3780A97F2ABA2ECF00DF196F /* StartView.swift */ = {isa = PBXFileReference; lastKnownFileType = sourcecode.swift; path = StartView.swift; sourceTree = "<group>"; };
		3780A9812ABA2F1000DF196F /* StatisticsViewController.swift */ = {isa = PBXFileReference; lastKnownFileType = sourcecode.swift; path = StatisticsViewController.swift; sourceTree = "<group>"; };
		3780A9842ABA2FBF00DF196F /* Statistics.xcdatamodel */ = {isa = PBXFileReference; lastKnownFileType = wrapper.xcdatamodel; path = Statistics.xcdatamodel; sourceTree = "<group>"; };
		3780A9862ABA304C00DF196F /* CoreDataStack.swift */ = {isa = PBXFileReference; lastKnownFileType = sourcecode.swift; path = CoreDataStack.swift; sourceTree = "<group>"; };
		3780A98A2ABA3CCD00DF196F /* StatisticsView.swift */ = {isa = PBXFileReference; lastKnownFileType = sourcecode.swift; path = StatisticsView.swift; sourceTree = "<group>"; };
		3780A98C2ABA3D1900DF196F /* StatTableViewCell.swift */ = {isa = PBXFileReference; lastKnownFileType = sourcecode.swift; path = StatTableViewCell.swift; sourceTree = "<group>"; };
		3780A98E2ABA4D6400DF196F /* CurrentDate.swift */ = {isa = PBXFileReference; lastKnownFileType = sourcecode.swift; path = CurrentDate.swift; sourceTree = "<group>"; };
		3780A9902ABA4DEE00DF196F /* UITableViewExtension.swift */ = {isa = PBXFileReference; lastKnownFileType = sourcecode.swift; path = UITableViewExtension.swift; sourceTree = "<group>"; };
		37F764A32AB2093F00620C5C /* ShooterGame.app */ = {isa = PBXFileReference; explicitFileType = wrapper.application; includeInIndex = 0; path = ShooterGame.app; sourceTree = BUILT_PRODUCTS_DIR; };
		37F764A62AB2093F00620C5C /* AppDelegate.swift */ = {isa = PBXFileReference; lastKnownFileType = sourcecode.swift; path = AppDelegate.swift; sourceTree = "<group>"; };
		37F764AA2AB2093F00620C5C /* ShooterViewController.swift */ = {isa = PBXFileReference; lastKnownFileType = sourcecode.swift; path = ShooterViewController.swift; sourceTree = "<group>"; };
		37F764AF2AB2094200620C5C /* Assets.xcassets */ = {isa = PBXFileReference; lastKnownFileType = folder.assetcatalog; path = Assets.xcassets; sourceTree = "<group>"; };
		37F764B92AB2304800620C5C /* Sphere.swift */ = {isa = PBXFileReference; lastKnownFileType = sourcecode.swift; path = Sphere.swift; sourceTree = "<group>"; };
		37F764BB2AB3091B00620C5C /* art.scnassets */ = {isa = PBXFileReference; lastKnownFileType = wrapper.scnassets; name = art.scnassets; path = ShooterGame/art.scnassets; sourceTree = SOURCE_ROOT; };
		37F764BD2AB38DA600620C5C /* Bullet.swift */ = {isa = PBXFileReference; lastKnownFileType = sourcecode.swift; path = Bullet.swift; sourceTree = "<group>"; };
		37F764BF2AB38DDA00620C5C /* ShooterSettings.swift */ = {isa = PBXFileReference; lastKnownFileType = sourcecode.swift; path = ShooterSettings.swift; sourceTree = "<group>"; };
/* End PBXFileReference section */

/* Begin PBXFrameworksBuildPhase section */
		37F764A02AB2093F00620C5C /* Frameworks */ = {
			isa = PBXFrameworksBuildPhase;
			buildActionMask = 2147483647;
			files = (
			);
			runOnlyForDeploymentPostprocessing = 0;
		};
/* End PBXFrameworksBuildPhase section */

/* Begin PBXGroup section */
		3780A9732AB9FC7900DF196F /* Views */ = {
			isa = PBXGroup;
			children = (
				3780A96F2AB9D89100DF196F /* ShooterView.swift */,
				3780A98A2ABA3CCD00DF196F /* StatisticsView.swift */,
				3780A97F2ABA2ECF00DF196F /* StartView.swift */,
				3780A98C2ABA3D1900DF196F /* StatTableViewCell.swift */,
				37CF7FA62AB46B0300604124 /* Nodes */,
			);
			path = Views;
			sourceTree = "<group>";
		};
		3780A9742AB9FC8100DF196F /* Controllers */ = {
			isa = PBXGroup;
			children = (
				37F764AA2AB2093F00620C5C /* ShooterViewController.swift */,
				3780A97D2ABA0A5D00DF196F /* StartViewController.swift */,
				3780A9812ABA2F1000DF196F /* StatisticsViewController.swift */,
			);
			path = Controllers;
			sourceTree = "<group>";
		};
		3780A9752AB9FD1300DF196F /* Models */ = {
			isa = PBXGroup;
			children = (
				37F764BF2AB38DDA00620C5C /* ShooterSettings.swift */,
				3780A96A2AB9B74600DF196F /* CollisionCategory.swift */,
			);
			path = Models;
			sourceTree = "<group>";
		};
		3780A97C2ABA090E00DF196F /* Helpers */ = {
			isa = PBXGroup;
			children = (
				3780A9762ABA023700DF196F /* Constants.swift */,
				3780A98E2ABA4D6400DF196F /* CurrentDate.swift */,
				3780A97A2ABA071700DF196F /* AudioPlayer.swift */,
			);
			path = Helpers;
			sourceTree = "<group>";
		};
		3780A9922ABA4E1A00DF196F /* Extensions */ = {
			isa = PBXGroup;
			children = (
				3780A9902ABA4DEE00DF196F /* UITableViewExtension.swift */,
			);
			path = Extensions;
			sourceTree = "<group>";
		};
		37CF7FA62AB46B0300604124 /* Nodes */ = {
			isa = PBXGroup;
			children = (
				37F764B92AB2304800620C5C /* Sphere.swift */,
				37F764BD2AB38DA600620C5C /* Bullet.swift */,
			);
			path = Nodes;
			sourceTree = "<group>";
		};
		37F7649A2AB2093F00620C5C = {
			isa = PBXGroup;
			children = (
				37F764A52AB2093F00620C5C /* ShooterGame */,
				37F764A42AB2093F00620C5C /* Products */,
			);
			sourceTree = "<group>";
		};
		37F764A42AB2093F00620C5C /* Products */ = {
			isa = PBXGroup;
			children = (
				37F764A32AB2093F00620C5C /* ShooterGame.app */,
			);
			name = Products;
			sourceTree = "<group>";
		};
		37F764A52AB2093F00620C5C /* ShooterGame */ = {
			isa = PBXGroup;
			children = (
				37F764A62AB2093F00620C5C /* AppDelegate.swift */,
				3780A9832ABA2FBF00DF196F /* StatisticsCoreData.xcdatamodeld */,
				3780A9862ABA304C00DF196F /* CoreDataStack.swift */,
				3780A9922ABA4E1A00DF196F /* Extensions */,
				3780A97C2ABA090E00DF196F /* Helpers */,
				3780A9742AB9FC8100DF196F /* Controllers */,
				3780A9732AB9FC7900DF196F /* Views */,
				3780A9752AB9FD1300DF196F /* Models */,
				37F764AF2AB2094200620C5C /* Assets.xcassets */,
				37F764BB2AB3091B00620C5C /* art.scnassets */,
			);
			path = ShooterGame;
			sourceTree = "<group>";
		};
/* End PBXGroup section */

/* Begin PBXNativeTarget section */
		37F764A22AB2093F00620C5C /* ShooterGame */ = {
			isa = PBXNativeTarget;
			buildConfigurationList = 37F764B62AB2094200620C5C /* Build configuration list for PBXNativeTarget "ShooterGame" */;
			buildPhases = (
				37F7649F2AB2093F00620C5C /* Sources */,
				37F764A02AB2093F00620C5C /* Frameworks */,
				37F764A12AB2093F00620C5C /* Resources */,
				3780A96C2AB9B7C000DF196F /* ShellScript */,
			);
			buildRules = (
			);
			dependencies = (
			);
			name = ShooterGame;
			productName = ShooterGame;
			productReference = 37F764A32AB2093F00620C5C /* ShooterGame.app */;
			productType = "com.apple.product-type.application";
		};
/* End PBXNativeTarget section */

/* Begin PBXProject section */
		37F7649B2AB2093F00620C5C /* Project object */ = {
			isa = PBXProject;
			attributes = {
				BuildIndependentTargetsInParallel = 1;
				LastSwiftUpdateCheck = 1430;
				LastUpgradeCheck = 1430;
				TargetAttributes = {
					37F764A22AB2093F00620C5C = {
						CreatedOnToolsVersion = 14.3.1;
					};
				};
			};
			buildConfigurationList = 37F7649E2AB2093F00620C5C /* Build configuration list for PBXProject "ShooterGame" */;
			compatibilityVersion = "Xcode 14.0";
			developmentRegion = en;
			hasScannedForEncodings = 0;
			knownRegions = (
				en,
				Base,
			);
			mainGroup = 37F7649A2AB2093F00620C5C;
			productRefGroup = 37F764A42AB2093F00620C5C /* Products */;
			projectDirPath = "";
			projectRoot = "";
			targets = (
				37F764A22AB2093F00620C5C /* ShooterGame */,
			);
		};
/* End PBXProject section */

/* Begin PBXResourcesBuildPhase section */
		37F764A12AB2093F00620C5C /* Resources */ = {
			isa = PBXResourcesBuildPhase;
			buildActionMask = 2147483647;
			files = (
				37F764BC2AB3091C00620C5C /* art.scnassets in Resources */,
				37F764B02AB2094200620C5C /* Assets.xcassets in Resources */,
			);
			runOnlyForDeploymentPostprocessing = 0;
		};
/* End PBXResourcesBuildPhase section */

/* Begin PBXShellScriptBuildPhase section */
		3780A96C2AB9B7C000DF196F /* ShellScript */ = {
			isa = PBXShellScriptBuildPhase;
			buildActionMask = 2147483647;
			files = (
			);
			inputFileListPaths = (
			);
			inputPaths = (
			);
			outputFileListPaths = (
			);
			outputPaths = (
			);
			runOnlyForDeploymentPostprocessing = 0;
			shellPath = /bin/sh;
			shellScript = "# Type a script or drag a script file from your workspace to insert its path.\nif which swiftlint >/dev/null; then\n  swiftlint\nelse\n  echo \"error: SwiftLint does not exist, download it from https://github.com/realm/SwiftLint\"\n  exit 1\nfi\n";
		};
/* End PBXShellScriptBuildPhase section */

/* Begin PBXSourcesBuildPhase section */
		37F7649F2AB2093F00620C5C /* Sources */ = {
			isa = PBXSourcesBuildPhase;
			buildActionMask = 2147483647;
			files = (
				37F764AB2AB2093F00620C5C /* ShooterViewController.swift in Sources */,
				3780A98D2ABA3D1900DF196F /* StatTableViewCell.swift in Sources */,
				3780A98B2ABA3CCD00DF196F /* StatisticsView.swift in Sources */,
				3780A9802ABA2ECF00DF196F /* StartView.swift in Sources */,
				37F764C02AB38DDA00620C5C /* ShooterSettings.swift in Sources */,
				3780A9822ABA2F1000DF196F /* StatisticsViewController.swift in Sources */,
				3780A9702AB9D89100DF196F /* ShooterView.swift in Sources */,
				3780A96B2AB9B74600DF196F /* CollisionCategory.swift in Sources */,
				37F764A72AB2093F00620C5C /* AppDelegate.swift in Sources */,
				3780A9872ABA304C00DF196F /* CoreDataStack.swift in Sources */,
				3780A98F2ABA4D6400DF196F /* CurrentDate.swift in Sources */,
				3780A97E2ABA0A5D00DF196F /* StartViewController.swift in Sources */,
				37F764BA2AB2304800620C5C /* Sphere.swift in Sources */,
				3780A9852ABA2FBF00DF196F /* StatisticsCoreData.xcdatamodeld in Sources */,
				37F764BE2AB38DA600620C5C /* Bullet.swift in Sources */,
				3780A9912ABA4DEE00DF196F /* UITableViewExtension.swift in Sources */,
				3780A97B2ABA071700DF196F /* AudioPlayer.swift in Sources */,
				3780A9772ABA023700DF196F /* Constants.swift in Sources */,
			);
			runOnlyForDeploymentPostprocessing = 0;
		};
/* End PBXSourcesBuildPhase section */

/* Begin XCBuildConfiguration section */
		37F764B42AB2094200620C5C /* Debug */ = {
			isa = XCBuildConfiguration;
			buildSettings = {
				ALWAYS_SEARCH_USER_PATHS = NO;
				CLANG_ANALYZER_NONNULL = YES;
				CLANG_ANALYZER_NUMBER_OBJECT_CONVERSION = YES_AGGRESSIVE;
				CLANG_CXX_LANGUAGE_STANDARD = "gnu++20";
				CLANG_ENABLE_MODULES = YES;
				CLANG_ENABLE_OBJC_ARC = YES;
				CLANG_ENABLE_OBJC_WEAK = YES;
				CLANG_WARN_BLOCK_CAPTURE_AUTORELEASING = YES;
				CLANG_WARN_BOOL_CONVERSION = YES;
				CLANG_WARN_COMMA = YES;
				CLANG_WARN_CONSTANT_CONVERSION = YES;
				CLANG_WARN_DEPRECATED_OBJC_IMPLEMENTATIONS = YES;
				CLANG_WARN_DIRECT_OBJC_ISA_USAGE = YES_ERROR;
				CLANG_WARN_DOCUMENTATION_COMMENTS = YES;
				CLANG_WARN_EMPTY_BODY = YES;
				CLANG_WARN_ENUM_CONVERSION = YES;
				CLANG_WARN_INFINITE_RECURSION = YES;
				CLANG_WARN_INT_CONVERSION = YES;
				CLANG_WARN_NON_LITERAL_NULL_CONVERSION = YES;
				CLANG_WARN_OBJC_IMPLICIT_RETAIN_SELF = YES;
				CLANG_WARN_OBJC_LITERAL_CONVERSION = YES;
				CLANG_WARN_OBJC_ROOT_CLASS = YES_ERROR;
				CLANG_WARN_QUOTED_INCLUDE_IN_FRAMEWORK_HEADER = YES;
				CLANG_WARN_RANGE_LOOP_ANALYSIS = YES;
				CLANG_WARN_STRICT_PROTOTYPES = YES;
				CLANG_WARN_SUSPICIOUS_MOVE = YES;
				CLANG_WARN_UNGUARDED_AVAILABILITY = YES_AGGRESSIVE;
				CLANG_WARN_UNREACHABLE_CODE = YES;
				CLANG_WARN__DUPLICATE_METHOD_MATCH = YES;
				COPY_PHASE_STRIP = NO;
				DEBUG_INFORMATION_FORMAT = dwarf;
				ENABLE_STRICT_OBJC_MSGSEND = YES;
				ENABLE_TESTABILITY = YES;
				GCC_C_LANGUAGE_STANDARD = gnu11;
				GCC_DYNAMIC_NO_PIC = NO;
				GCC_NO_COMMON_BLOCKS = YES;
				GCC_OPTIMIZATION_LEVEL = 0;
				GCC_PREPROCESSOR_DEFINITIONS = (
					"DEBUG=1",
					"$(inherited)",
				);
				GCC_WARN_64_TO_32_BIT_CONVERSION = YES;
				GCC_WARN_ABOUT_RETURN_TYPE = YES_ERROR;
				GCC_WARN_UNDECLARED_SELECTOR = YES;
				GCC_WARN_UNINITIALIZED_AUTOS = YES_AGGRESSIVE;
				GCC_WARN_UNUSED_FUNCTION = YES;
				GCC_WARN_UNUSED_VARIABLE = YES;
				IPHONEOS_DEPLOYMENT_TARGET = 16.4;
				MTL_ENABLE_DEBUG_INFO = INCLUDE_SOURCE;
				MTL_FAST_MATH = YES;
				ONLY_ACTIVE_ARCH = YES;
				SDKROOT = iphoneos;
				SWIFT_ACTIVE_COMPILATION_CONDITIONS = DEBUG;
				SWIFT_OPTIMIZATION_LEVEL = "-Onone";
			};
			name = Debug;
		};
		37F764B52AB2094200620C5C /* Release */ = {
			isa = XCBuildConfiguration;
			buildSettings = {
				ALWAYS_SEARCH_USER_PATHS = NO;
				CLANG_ANALYZER_NONNULL = YES;
				CLANG_ANALYZER_NUMBER_OBJECT_CONVERSION = YES_AGGRESSIVE;
				CLANG_CXX_LANGUAGE_STANDARD = "gnu++20";
				CLANG_ENABLE_MODULES = YES;
				CLANG_ENABLE_OBJC_ARC = YES;
				CLANG_ENABLE_OBJC_WEAK = YES;
				CLANG_WARN_BLOCK_CAPTURE_AUTORELEASING = YES;
				CLANG_WARN_BOOL_CONVERSION = YES;
				CLANG_WARN_COMMA = YES;
				CLANG_WARN_CONSTANT_CONVERSION = YES;
				CLANG_WARN_DEPRECATED_OBJC_IMPLEMENTATIONS = YES;
				CLANG_WARN_DIRECT_OBJC_ISA_USAGE = YES_ERROR;
				CLANG_WARN_DOCUMENTATION_COMMENTS = YES;
				CLANG_WARN_EMPTY_BODY = YES;
				CLANG_WARN_ENUM_CONVERSION = YES;
				CLANG_WARN_INFINITE_RECURSION = YES;
				CLANG_WARN_INT_CONVERSION = YES;
				CLANG_WARN_NON_LITERAL_NULL_CONVERSION = YES;
				CLANG_WARN_OBJC_IMPLICIT_RETAIN_SELF = YES;
				CLANG_WARN_OBJC_LITERAL_CONVERSION = YES;
				CLANG_WARN_OBJC_ROOT_CLASS = YES_ERROR;
				CLANG_WARN_QUOTED_INCLUDE_IN_FRAMEWORK_HEADER = YES;
				CLANG_WARN_RANGE_LOOP_ANALYSIS = YES;
				CLANG_WARN_STRICT_PROTOTYPES = YES;
				CLANG_WARN_SUSPICIOUS_MOVE = YES;
				CLANG_WARN_UNGUARDED_AVAILABILITY = YES_AGGRESSIVE;
				CLANG_WARN_UNREACHABLE_CODE = YES;
				CLANG_WARN__DUPLICATE_METHOD_MATCH = YES;
				COPY_PHASE_STRIP = NO;
				DEBUG_INFORMATION_FORMAT = "dwarf-with-dsym";
				ENABLE_NS_ASSERTIONS = NO;
				ENABLE_STRICT_OBJC_MSGSEND = YES;
				GCC_C_LANGUAGE_STANDARD = gnu11;
				GCC_NO_COMMON_BLOCKS = YES;
				GCC_WARN_64_TO_32_BIT_CONVERSION = YES;
				GCC_WARN_ABOUT_RETURN_TYPE = YES_ERROR;
				GCC_WARN_UNDECLARED_SELECTOR = YES;
				GCC_WARN_UNINITIALIZED_AUTOS = YES_AGGRESSIVE;
				GCC_WARN_UNUSED_FUNCTION = YES;
				GCC_WARN_UNUSED_VARIABLE = YES;
				IPHONEOS_DEPLOYMENT_TARGET = 16.4;
				MTL_ENABLE_DEBUG_INFO = NO;
				MTL_FAST_MATH = YES;
				SDKROOT = iphoneos;
				SWIFT_COMPILATION_MODE = wholemodule;
				SWIFT_OPTIMIZATION_LEVEL = "-O";
				VALIDATE_PRODUCT = YES;
			};
			name = Release;
		};
		37F764B72AB2094200620C5C /* Debug */ = {
			isa = XCBuildConfiguration;
			buildSettings = {
				ASSETCATALOG_COMPILER_APPICON_NAME = AppIcon;
				ASSETCATALOG_COMPILER_GLOBAL_ACCENT_COLOR_NAME = AccentColor;
				CODE_SIGN_IDENTITY = "Apple Development";
				CODE_SIGN_STYLE = Automatic;
				CURRENT_PROJECT_VERSION = 1;
				DEVELOPMENT_TEAM = 38BPR85JLN;
				GENERATE_INFOPLIST_FILE = YES;
				INFOPLIST_KEY_CFBundleDisplayName = Shooter;
				INFOPLIST_KEY_NSCameraUsageDescription = "";
				INFOPLIST_KEY_UIApplicationSupportsIndirectInputEvents = YES;
				INFOPLIST_KEY_UILaunchStoryboardName = LaunchScreen;
				INFOPLIST_KEY_UIRequiredDeviceCapabilities = arkit;
				INFOPLIST_KEY_UIStatusBarHidden = YES;
				INFOPLIST_KEY_UISupportedInterfaceOrientations_iPad = "UIInterfaceOrientationPortrait UIInterfaceOrientationPortraitUpsideDown UIInterfaceOrientationLandscapeLeft UIInterfaceOrientationLandscapeRight";
				INFOPLIST_KEY_UISupportedInterfaceOrientations_iPhone = "UIInterfaceOrientationPortrait UIInterfaceOrientationLandscapeLeft UIInterfaceOrientationLandscapeRight";
				IPHONEOS_DEPLOYMENT_TARGET = 15.0;
				LD_RUNPATH_SEARCH_PATHS = (
					"$(inherited)",
					"@executable_path/Frameworks",
				);
				MARKETING_VERSION = 1.0;
				PRODUCT_BUNDLE_IDENTIFIER = com.annagogley.shGame;
				PRODUCT_NAME = "$(TARGET_NAME)";
				PROVISIONING_PROFILE_SPECIFIER = "";
				SWIFT_EMIT_LOC_STRINGS = YES;
				SWIFT_VERSION = 5.0;
				TARGETED_DEVICE_FAMILY = "1,2";
			};
			name = Debug;
		};
		37F764B82AB2094200620C5C /* Release */ = {
			isa = XCBuildConfiguration;
			buildSettings = {
				ASSETCATALOG_COMPILER_APPICON_NAME = AppIcon;
				ASSETCATALOG_COMPILER_GLOBAL_ACCENT_COLOR_NAME = AccentColor;
				CODE_SIGN_IDENTITY = "Apple Development";
				CODE_SIGN_STYLE = Automatic;
				CURRENT_PROJECT_VERSION = 1;
				DEVELOPMENT_TEAM = 38BPR85JLN;
				GENERATE_INFOPLIST_FILE = YES;
				INFOPLIST_KEY_CFBundleDisplayName = Shooter;
				INFOPLIST_KEY_NSCameraUsageDescription = "";
				INFOPLIST_KEY_UIApplicationSupportsIndirectInputEvents = YES;
				INFOPLIST_KEY_UILaunchStoryboardName = LaunchScreen;
				INFOPLIST_KEY_UIRequiredDeviceCapabilities = arkit;
				INFOPLIST_KEY_UIStatusBarHidden = YES;
				INFOPLIST_KEY_UISupportedInterfaceOrientations_iPad = "UIInterfaceOrientationPortrait UIInterfaceOrientationPortraitUpsideDown UIInterfaceOrientationLandscapeLeft UIInterfaceOrientationLandscapeRight";
				INFOPLIST_KEY_UISupportedInterfaceOrientations_iPhone = "UIInterfaceOrientationPortrait UIInterfaceOrientationLandscapeLeft UIInterfaceOrientationLandscapeRight";
				IPHONEOS_DEPLOYMENT_TARGET = 15.0;
				LD_RUNPATH_SEARCH_PATHS = (
					"$(inherited)",
					"@executable_path/Frameworks",
				);
				MARKETING_VERSION = 1.0;
				PRODUCT_BUNDLE_IDENTIFIER = com.annagogley.shGame;
				PRODUCT_NAME = "$(TARGET_NAME)";
				PROVISIONING_PROFILE_SPECIFIER = "";
				SWIFT_EMIT_LOC_STRINGS = YES;
				SWIFT_VERSION = 5.0;
				TARGETED_DEVICE_FAMILY = "1,2";
			};
			name = Release;
		};
/* End XCBuildConfiguration section */

/* Begin XCConfigurationList section */
		37F7649E2AB2093F00620C5C /* Build configuration list for PBXProject "ShooterGame" */ = {
			isa = XCConfigurationList;
			buildConfigurations = (
				37F764B42AB2094200620C5C /* Debug */,
				37F764B52AB2094200620C5C /* Release */,
			);
			defaultConfigurationIsVisible = 0;
			defaultConfigurationName = Release;
		};
		37F764B62AB2094200620C5C /* Build configuration list for PBXNativeTarget "ShooterGame" */ = {
			isa = XCConfigurationList;
			buildConfigurations = (
				37F764B72AB2094200620C5C /* Debug */,
				37F764B82AB2094200620C5C /* Release */,
			);
			defaultConfigurationIsVisible = 0;
			defaultConfigurationName = Release;
		};
/* End XCConfigurationList section */

/* Begin XCVersionGroup section */
		3780A9832ABA2FBF00DF196F /* StatisticsCoreData.xcdatamodeld */ = {
			isa = XCVersionGroup;
			children = (
				3780A9842ABA2FBF00DF196F /* Statistics.xcdatamodel */,
			);
			currentVersion = 3780A9842ABA2FBF00DF196F /* Statistics.xcdatamodel */;
			path = StatisticsCoreData.xcdatamodeld;
			sourceTree = "<group>";
			versionGroupType = wrapper.xcdatamodel;
		};
/* End XCVersionGroup section */
	};
	rootObject = 37F7649B2AB2093F00620C5C /* Project object */;
}
